
Microsoft Visual Studio Solution File, Format Version 12.00
# Visual Studio 15
VisualStudioVersion = 15.0.27130.2024
MinimumVisualStudioVersion = 10.0.40219.1
Project("{888888A0-9F3D-457C-B088-3A5042F75D52}") = "AsmoApi", "AsmoApi\AsmoApi.pyproj", "{091D28C0-2C6C-428B-941F-48462ADCFAD8}"
EndProject
Project("{FAE04EC0-301F-11D3-BF4B-00C04F79EFBC}") = "AsmoMobile.Android", "AsmoMobile\AsmoMobile.Android\AsmoMobile.Android.csproj", "{7BC4547E-AD0A-4415-94B2-C11A1D3F95B0}"
EndProject
Project("{FAE04EC0-301F-11D3-BF4B-00C04F79EFBC}") = "AsmoMobile.UWP", "AsmoMobile\AsmoMobile.UWP\AsmoMobile.UWP.csproj", "{342AF822-BF4C-4BC2-9059-A47FC38FE585}"
EndProject
Project("{FAE04EC0-301F-11D3-BF4B-00C04F79EFBC}") = "AsmoMobile", "AsmoMobile\AsmoMobile\AsmoMobile.csproj", "{E439FBE2-376A-467A-9B63-23266604A8B8}"
EndProject
Global
	GlobalSection(SolutionConfigurationPlatforms) = preSolution
		Debug|Any CPU = Debug|Any CPU
		Debug|ARM = Debug|ARM
		Debug|x64 = Debug|x64
		Debug|x86 = Debug|x86
		Release|Any CPU = Release|Any CPU
		Release|ARM = Release|ARM
		Release|x64 = Release|x64
		Release|x86 = Release|x86
	EndGlobalSection
	GlobalSection(ProjectConfigurationPlatforms) = postSolution
		{091D28C0-2C6C-428B-941F-48462ADCFAD8}.Debug|Any CPU.ActiveCfg = Debug|Any CPU
		{091D28C0-2C6C-428B-941F-48462ADCFAD8}.Debug|ARM.ActiveCfg = Debug|Any CPU
		{091D28C0-2C6C-428B-941F-48462ADCFAD8}.Debug|x64.ActiveCfg = Debug|Any CPU
		{091D28C0-2C6C-428B-941F-48462ADCFAD8}.Debug|x86.ActiveCfg = Debug|Any CPU
		{091D28C0-2C6C-428B-941F-48462ADCFAD8}.Release|Any CPU.ActiveCfg = Release|Any CPU
		{091D28C0-2C6C-428B-941F-48462ADCFAD8}.Release|ARM.ActiveCfg = Release|Any CPU
		{091D28C0-2C6C-428B-941F-48462ADCFAD8}.Release|x64.ActiveCfg = Release|Any CPU
		{091D28C0-2C6C-428B-941F-48462ADCFAD8}.Release|x86.ActiveCfg = Release|Any CPU
		{7BC4547E-AD0A-4415-94B2-C11A1D3F95B0}.Debug|Any CPU.ActiveCfg = Debug|Any CPU
		{7BC4547E-AD0A-4415-94B2-C11A1D3F95B0}.Debug|Any CPU.Build.0 = Debug|Any CPU
		{7BC4547E-AD0A-4415-94B2-C11A1D3F95B0}.Debug|Any CPU.Deploy.0 = Debug|Any CPU
		{7BC4547E-AD0A-4415-94B2-C11A1D3F95B0}.Debug|ARM.ActiveCfg = Debug|Any CPU
		{7BC4547E-AD0A-4415-94B2-C11A1D3F95B0}.Debug|ARM.Build.0 = Debug|Any CPU
		{7BC4547E-AD0A-4415-94B2-C11A1D3F95B0}.Debug|ARM.Deploy.0 = Debug|Any CPU
		{7BC4547E-AD0A-4415-94B2-C11A1D3F95B0}.Debug|x64.ActiveCfg = Debug|Any CPU
		{7BC4547E-AD0A-4415-94B2-C11A1D3F95B0}.Debug|x64.Build.0 = Debug|Any CPU
		{7BC4547E-AD0A-4415-94B2-C11A1D3F95B0}.Debug|x64.Deploy.0 = Debug|Any CPU
		{7BC4547E-AD0A-4415-94B2-C11A1D3F95B0}.Debug|x86.ActiveCfg = Debug|Any CPU
		{7BC4547E-AD0A-4415-94B2-C11A1D3F95B0}.Debug|x86.Build.0 = Debug|Any CPU
		{7BC4547E-AD0A-4415-94B2-C11A1D3F95B0}.Debug|x86.Deploy.0 = Debug|Any CPU
		{7BC4547E-AD0A-4415-94B2-C11A1D3F95B0}.Release|Any CPU.ActiveCfg = Release|Any CPU
		{7BC4547E-AD0A-4415-94B2-C11A1D3F95B0}.Release|Any CPU.Build.0 = Release|Any CPU
		{7BC4547E-AD0A-4415-94B2-C11A1D3F95B0}.Release|Any CPU.Deploy.0 = Release|Any CPU
		{7BC4547E-AD0A-4415-94B2-C11A1D3F95B0}.Release|ARM.ActiveCfg = Release|Any CPU
		{7BC4547E-AD0A-4415-94B2-C11A1D3F95B0}.Release|ARM.Build.0 = Release|Any CPU
		{7BC4547E-AD0A-4415-94B2-C11A1D3F95B0}.Release|ARM.Deploy.0 = Release|Any CPU
		{7BC4547E-AD0A-4415-94B2-C11A1D3F95B0}.Release|x64.ActiveCfg = Release|Any CPU
		{7BC4547E-AD0A-4415-94B2-C11A1D3F95B0}.Release|x64.Build.0 = Release|Any CPU
		{7BC4547E-AD0A-4415-94B2-C11A1D3F95B0}.Release|x64.Deploy.0 = Release|Any CPU
		{7BC4547E-AD0A-4415-94B2-C11A1D3F95B0}.Release|x86.ActiveCfg = Release|Any CPU
		{7BC4547E-AD0A-4415-94B2-C11A1D3F95B0}.Release|x86.Build.0 = Release|Any CPU
		{7BC4547E-AD0A-4415-94B2-C11A1D3F95B0}.Release|x86.Deploy.0 = Release|Any CPU
		{342AF822-BF4C-4BC2-9059-A47FC38FE585}.Debug|Any CPU.ActiveCfg = Debug|x86
		{342AF822-BF4C-4BC2-9059-A47FC38FE585}.Debug|ARM.ActiveCfg = Debug|ARM
		{342AF822-BF4C-4BC2-9059-A47FC38FE585}.Debug|ARM.Build.0 = Debug|ARM
		{342AF822-BF4C-4BC2-9059-A47FC38FE585}.Debug|ARM.Deploy.0 = Debug|ARM
		{342AF822-BF4C-4BC2-9059-A47FC38FE585}.Debug|x64.ActiveCfg = Debug|x64
		{342AF822-BF4C-4BC2-9059-A47FC38FE585}.Debug|x64.Build.0 = Debug|x64
		{342AF822-BF4C-4BC2-9059-A47FC38FE585}.Debug|x64.Deploy.0 = Debug|x64
		{342AF822-BF4C-4BC2-9059-A47FC38FE585}.Debug|x86.ActiveCfg = Debug|x86
		{342AF822-BF4C-4BC2-9059-A47FC38FE585}.Debug|x86.Build.0 = Debug|x86
		{342AF822-BF4C-4BC2-9059-A47FC38FE585}.Debug|x86.Deploy.0 = Debug|x86
		{342AF822-BF4C-4BC2-9059-A47FC38FE585}.Release|Any CPU.ActiveCfg = Release|x86
		{342AF822-BF4C-4BC2-9059-A47FC38FE585}.Release|ARM.ActiveCfg = Release|ARM
		{342AF822-BF4C-4BC2-9059-A47FC38FE585}.Release|ARM.Build.0 = Release|ARM
		{342AF822-BF4C-4BC2-9059-A47FC38FE585}.Release|ARM.Deploy.0 = Release|ARM
		{342AF822-BF4C-4BC2-9059-A47FC38FE585}.Release|x64.ActiveCfg = Release|x64
		{342AF822-BF4C-4BC2-9059-A47FC38FE585}.Release|x64.Build.0 = Release|x64
		{342AF822-BF4C-4BC2-9059-A47FC38FE585}.Release|x64.Deploy.0 = Release|x64
		{342AF822-BF4C-4BC2-9059-A47FC38FE585}.Release|x86.ActiveCfg = Release|x86
		{342AF822-BF4C-4BC2-9059-A47FC38FE585}.Release|x86.Build.0 = Release|x86
		{342AF822-BF4C-4BC2-9059-A47FC38FE585}.Release|x86.Deploy.0 = Release|x86
		{E439FBE2-376A-467A-9B63-23266604A8B8}.Debug|Any CPU.ActiveCfg = Debug|Any CPU
		{E439FBE2-376A-467A-9B63-23266604A8B8}.Debug|Any CPU.Build.0 = Debug|Any CPU
		{E439FBE2-376A-467A-9B63-23266604A8B8}.Debug|ARM.ActiveCfg = Debug|Any CPU
		{E439FBE2-376A-467A-9B63-23266604A8B8}.Debug|ARM.Build.0 = Debug|Any CPU
		{E439FBE2-376A-467A-9B63-23266604A8B8}.Debug|x64.ActiveCfg = Debug|Any CPU
		{E439FBE2-376A-467A-9B63-23266604A8B8}.Debug|x64.Build.0 = Debug|Any CPU
		{E439FBE2-376A-467A-9B63-23266604A8B8}.Debug|x86.ActiveCfg = Debug|Any CPU
		{E439FBE2-376A-467A-9B63-23266604A8B8}.Debug|x86.Build.0 = Debug|Any CPU
		{E439FBE2-376A-467A-9B63-23266604A8B8}.Release|Any CPU.ActiveCfg = Release|Any CPU
		{E439FBE2-376A-467A-9B63-23266604A8B8}.Release|Any CPU.Build.0 = Release|Any CPU
		{E439FBE2-376A-467A-9B63-23266604A8B8}.Release|ARM.ActiveCfg = Release|Any CPU
		{E439FBE2-376A-467A-9B63-23266604A8B8}.Release|ARM.Build.0 = Release|Any CPU
		{E439FBE2-376A-467A-9B63-23266604A8B8}.Release|x64.ActiveCfg = Release|Any CPU
		{E439FBE2-376A-467A-9B63-23266604A8B8}.Release|x64.Build.0 = Release|Any CPU
		{E439FBE2-376A-467A-9B63-23266604A8B8}.Release|x86.ActiveCfg = Release|Any CPU
		{E439FBE2-376A-467A-9B63-23266604A8B8}.Release|x86.Build.0 = Release|Any CPU
	EndGlobalSection
	GlobalSection(SolutionProperties) = preSolution
		HideSolutionNode = FALSE
	EndGlobalSection
	GlobalSection(ExtensibilityGlobals) = postSolution
		SolutionGuid = {538C1430-596B-4974-9D6E-0B86E44A6B2A}
	EndGlobalSection
EndGlobal
